
Microsoft Visual Studio Solution File, Format Version 12.00
# Visual Studio Version 17
VisualStudioVersion = 17.2.32630.192
MinimumVisualStudioVersion = 10.0.40219.1
Project("{888888A0-9F3D-457C-B088-3A5042F75D52}") = "techsupport", "TechSupport.pyproj", "{8E920B7F-2274-4362-A1F0-6A228CF48359}"
EndProject
Global
	GlobalSection(SolutionConfigurationPlatforms) = preSolution
		Debug|Any CPU = Debug|Any CPU
		Release|Any CPU = Release|Any CPU
	EndGlobalSection
	GlobalSection(ProjectConfigurationPlatforms) = postSolution
		{8E920B7F-2274-4362-A1F0-6A228CF48359}.Debug|Any CPU.ActiveCfg = Debug|Any CPU
		{8E920B7F-2274-4362-A1F0-6A228CF48359}.Debug|Any CPU.Build.0 = Debug|Any CPU
		{8E920B7F-2274-4362-A1F0-6A228CF48359}.Release|Any CPU.ActiveCfg = Release|Any CPU
		{8E920B7F-2274-4362-A1F0-6A228CF48359}.Release|Any CPU.Build.0 = Release|Any CPU
	EndGlobalSection
	GlobalSection(SolutionProperties) = preSolution
		HideSolutionNode = FALSE
	EndGlobalSection
	GlobalSection(ExtensibilityGlobals) = postSolution
		SolutionGuid = {DA27802B-2B19-4124-A652-774B686B6566}
	EndGlobalSection
EndGlobal
